
Microsoft Visual Studio Solution File, Format Version 12.00
# Visual Studio 15
VisualStudioVersion = 15.0.27703.2000
MinimumVisualStudioVersion = 10.0.40219.1
Project("{FAE04EC0-301F-11D3-BF4B-00C04F79EFBC}") = "NunitExample", "NunitExample\NunitExample.csproj", "{5175AE3C-39B5-4994-9176-657526B6561C}"
EndProject
Project("{FAE04EC0-301F-11D3-BF4B-00C04F79EFBC}") = "CustomerOrderService", "CustomerOrderService\CustomerOrderService.csproj", "{183ADDD3-07BD-4745-BC45-7C63A89DC83F}"
EndProject
Project("{FAE04EC0-301F-11D3-BF4B-00C04F79EFBC}") = "CustomerOrderService.Tests", "CustomerOrderService.Tests\CustomerOrderService.Tests.csproj", "{DB423D39-CF64-46BE-9F5A-5E278DD08AC5}"
EndProject
Global
	GlobalSection(SolutionConfigurationPlatforms) = preSolution
		Debug|Any CPU = Debug|Any CPU
		Release|Any CPU = Release|Any CPU
	EndGlobalSection
	GlobalSection(ProjectConfigurationPlatforms) = postSolution
		{5175AE3C-39B5-4994-9176-657526B6561C}.Debug|Any CPU.ActiveCfg = Debug|Any CPU
		{5175AE3C-39B5-4994-9176-657526B6561C}.Debug|Any CPU.Build.0 = Debug|Any CPU
		{5175AE3C-39B5-4994-9176-657526B6561C}.Release|Any CPU.ActiveCfg = Release|Any CPU
		{5175AE3C-39B5-4994-9176-657526B6561C}.Release|Any CPU.Build.0 = Release|Any CPU
		{183ADDD3-07BD-4745-BC45-7C63A89DC83F}.Debug|Any CPU.ActiveCfg = Debug|Any CPU
		{183ADDD3-07BD-4745-BC45-7C63A89DC83F}.Debug|Any CPU.Build.0 = Debug|Any CPU
		{183ADDD3-07BD-4745-BC45-7C63A89DC83F}.Release|Any CPU.ActiveCfg = Release|Any CPU
		{183ADDD3-07BD-4745-BC45-7C63A89DC83F}.Release|Any CPU.Build.0 = Release|Any CPU
		{DB423D39-CF64-46BE-9F5A-5E278DD08AC5}.Debug|Any CPU.ActiveCfg = Debug|Any CPU
		{DB423D39-CF64-46BE-9F5A-5E278DD08AC5}.Debug|Any CPU.Build.0 = Debug|Any CPU
		{DB423D39-CF64-46BE-9F5A-5E278DD08AC5}.Release|Any CPU.ActiveCfg = Release|Any CPU
		{DB423D39-CF64-46BE-9F5A-5E278DD08AC5}.Release|Any CPU.Build.0 = Release|Any CPU
	EndGlobalSection
	GlobalSection(SolutionProperties) = preSolution
		HideSolutionNode = FALSE
	EndGlobalSection
	GlobalSection(ExtensibilityGlobals) = postSolution
		SolutionGuid = {F4524C60-4AE8-420B-969A-EAD73A6B58F7}
	EndGlobalSection
EndGlobal
